
Microsoft Visual Studio Solution File, Format Version 12.00
# Visual Studio Version 17
VisualStudioVersion = 17.5.002.0
MinimumVisualStudioVersion = 10.0.40219.1
Project("{9A19103F-16F7-4668-BE54-9A1E7A4F7556}") = "34", "34.csproj", "{313B932D-BC62-4EA1-AD39-C64AA4A19B4E}"
EndProject
Global
	GlobalSection(SolutionConfigurationPlatforms) = preSolution
		Debug|Any CPU = Debug|Any CPU
		Release|Any CPU = Release|Any CPU
	EndGlobalSection
	GlobalSection(ProjectConfigurationPlatforms) = postSolution
		{313B932D-BC62-4EA1-AD39-C64AA4A19B4E}.Debug|Any CPU.ActiveCfg = Debug|Any CPU
		{313B932D-BC62-4EA1-AD39-C64AA4A19B4E}.Debug|Any CPU.Build.0 = Debug|Any CPU
		{313B932D-BC62-4EA1-AD39-C64AA4A19B4E}.Release|Any CPU.ActiveCfg = Release|Any CPU
		{313B932D-BC62-4EA1-AD39-C64AA4A19B4E}.Release|Any CPU.Build.0 = Release|Any CPU
	EndGlobalSection
	GlobalSection(SolutionProperties) = preSolution
		HideSolutionNode = FALSE
	EndGlobalSection
	GlobalSection(ExtensibilityGlobals) = postSolution
		SolutionGuid = {84E45A29-2A6E-449A-8924-11CA05BD9199}
	EndGlobalSection
EndGlobal
